<?xml version="1.0" encoding="utf-8"?>
<Project ToolsVersion="4.0" xmlns="http://schemas.microsoft.com/developer/msbuild/2003">
  <ItemGroup>
    <Filter Include="Arquivos de Origem">
      <UniqueIdentifier>{4FC737F1-C7A5-4376-A066-2A32D752A2FF}</UniqueIdentifier>
      <Extensions>cpp;c;cc;cxx;c++;cppm;ixx;def;odl;idl;hpj;bat;asm;asmx</Extensions>
    </Filter>
    <Filter Include="Arquivos de Cabeçalho">
      <UniqueIdentifier>{93995380-89BD-4b04-88EB-625FBE52EBFB}</UniqueIdentifier>
      <Extensions>h;hh;hpp;hxx;h++;hm;inl;inc;ipp;xsd</Extensions>
    </Filter>
    <Filter Include="Arquivos de Recurso">
      <UniqueIdentifier>{67DA6AB6-F800-4c08-8B7A-83BB121AAD01}</UniqueIdentifier>
      <Extensions>rc;ico;cur;bmp;dlg;rc2;rct;bin;rgs;gif;jpg;jpeg;jpe;resx;tiff;tif;png;wav;mfcribbon-ms</Extensions>
    </Filter>
    <Filter Include="Arquivos de Recurso\Imagens_Golf">
      <UniqueIdentifier>{ebe96af8-7895-4e96-a76e-f76554ed57f9}</UniqueIdentifier>
    </Filter>
  </ItemGroup>
  <ItemGroup>
    <ClCompile Include="Background.cpp">
      <Filter>Arquivos de Origem</Filter>
    </ClCompile>
    <ClCompile Include="Ball.cpp">
      <Filter>Arquivos de Origem</Filter>
    </ClCompile>
    <ClCompile Include="Hole.cpp">
      <Filter>Arquivos de Origem</Filter>
    </ClCompile>
    <ClCompile Include="Entity.cpp">
      <Filter>Arquivos de Origem</Filter>
    </ClCompile>
    <ClCompile Include="Launcher.cpp">
      <Filter>Arquivos de Origem</Filter>
    </ClCompile>
    <ClCompile Include="Level.cpp">
      <Filter>Arquivos de Origem</Filter>
    </ClCompile>
    <ClCompile Include="Level1.cpp">
      <Filter>Arquivos de Origem</Filter>
    </ClCompile>
    <ClCompile Include="Origem.cpp">
      <Filter>Arquivos de Origem</Filter>
    </ClCompile>
    <ClCompile Include="Screen.cpp">
      <Filter>Arquivos de Origem</Filter>
    </ClCompile>
    <ClCompile Include="Level2.cpp">
      <Filter>Arquivos de Origem</Filter>
    </ClCompile>
    <ClCompile Include="Obstacle.cpp">
      <Filter>Arquivos de Origem</Filter>
    </ClCompile>
    <ClCompile Include="Level3.cpp">
      <Filter>Arquivos de Origem</Filter>
    </ClCompile>
    <ClCompile Include="Level4.cpp">
      <Filter>Arquivos de Origem</Filter>
    </ClCompile>
    <ClCompile Include="Timer.cpp">
      <Filter>Arquivos de Origem</Filter>
    </ClCompile>
  </ItemGroup>
  <ItemGroup>
    <ClInclude Include="Background.h">
      <Filter>Arquivos de Cabeçalho</Filter>
    </ClInclude>
    <ClInclude Include="Ball.h">
      <Filter>Arquivos de Cabeçalho</Filter>
    </ClInclude>
    <ClInclude Include="Hole.h">
      <Filter>Arquivos de Cabeçalho</Filter>
    </ClInclude>
    <ClInclude Include="Entity.h">
      <Filter>Arquivos de Cabeçalho</Filter>
    </ClInclude>
    <ClInclude Include="Launcher.h">
      <Filter>Arquivos de Cabeçalho</Filter>
    </ClInclude>
    <ClInclude Include="Level.h">
      <Filter>Arquivos de Cabeçalho</Filter>
    </ClInclude>
    <ClInclude Include="Level1.h">
      <Filter>Arquivos de Cabeçalho</Filter>
    </ClInclude>
    <ClInclude Include="Screen.h">
      <Filter>Arquivos de Cabeçalho</Filter>
    </ClInclude>
    <ClInclude Include="Level2.h">
      <Filter>Arquivos de Cabeçalho</Filter>
    </ClInclude>
    <ClInclude Include="Obstacle.h">
      <Filter>Arquivos de Cabeçalho</Filter>
    </ClInclude>
    <ClInclude Include="Level3.h">
      <Filter>Arquivos de Cabeçalho</Filter>
    </ClInclude>
    <ClInclude Include="Level4.h">
      <Filter>Arquivos de Cabeçalho</Filter>
    </ClInclude>
    <ClInclude Include="Timer.h">
      <Filter>Arquivos de Cabeçalho</Filter>
    </ClInclude>
  </ItemGroup>
  <ItemGroup>
    <Image Include="..\..\2022-2-TW-grupo03\Imagens_Golf\GolfBall.png">
      <Filter>Arquivos de Recurso\Imagens_Golf</Filter>
    </Image>
    <Image Include="..\..\2022-2-TW-grupo03\Imagens_Golf\GolfBG.png">
      <Filter>Arquivos de Recurso\Imagens_Golf</Filter>
    </Image>
    <Image Include="..\..\2022-2-TW-grupo03\Imagens_Golf\Hole.png">
      <Filter>Arquivos de Recurso\Imagens_Golf</Filter>
    </Image>
    <Image Include="..\..\..\..\Desktop\tia\Obs3.png">
      <Filter>Arquivos de Recurso\Imagens_Golf</Filter>
    </Image>
    <Image Include="..\..\..\..\Desktop\tia\Obs.png">
      <Filter>Arquivos de Recurso\Imagens_Golf</Filter>
    </Image>
    <Image Include="..\..\..\..\Desktop\tia\Obs1.png">
      <Filter>Arquivos de Recurso\Imagens_Golf</Filter>
    </Image>
    <Image Include="..\..\..\..\Desktop\tia\Obs2.png">
      <Filter>Arquivos de Recurso\Imagens_Golf</Filter>
    </Image>
    <Image Include="..\..\..\..\..\..\2022-2-TW-grupo03-main\Imagens_Golf\GolfBG3.png">
      <Filter>Arquivos de Recurso\Imagens_Golf</Filter>
    </Image>
    <Image Include="..\..\..\..\..\..\2022-2-TW-grupo03-main\Imagens_Golf\GolfBG2.png">
      <Filter>Arquivos de Recurso\Imagens_Golf</Filter>
    </Image>
    <Image Include="..\..\..\..\..\..\2022-2-TW-grupo03-main\Imagens_Golf\GolfBG4.png">
      <Filter>Arquivos de Recurso\Imagens_Golf</Filter>
    </Image>
  </ItemGroup>
</Project>